// !$*UTF8*$!
{
	archiveVersion = 1;
	classes = {
	};
	objectVersion = 48;
	objects = {

/* Begin PBXBuildFile section */
		4C001D912012494B00C433B4 /* AppDelegate.swift in Sources */ = {isa = PBXBuildFile; fileRef = 4C001D902012494B00C433B4 /* AppDelegate.swift */; };
		4C001D932012494B00C433B4 /* MasterViewController.swift in Sources */ = {isa = PBXBuildFile; fileRef = 4C001D922012494B00C433B4 /* MasterViewController.swift */; };
		4C001D952012494B00C433B4 /* DetailViewController.swift in Sources */ = {isa = PBXBuildFile; fileRef = 4C001D942012494B00C433B4 /* DetailViewController.swift */; };
		4C001D982012494B00C433B4 /* Main.storyboard in Resources */ = {isa = PBXBuildFile; fileRef = 4C001D962012494B00C433B4 /* Main.storyboard */; };
		4C001D9A2012494B00C433B4 /* Assets.xcassets in Resources */ = {isa = PBXBuildFile; fileRef = 4C001D992012494B00C433B4 /* Assets.xcassets */; };
		4C001D9D2012494B00C433B4 /* LaunchScreen.storyboard in Resources */ = {isa = PBXBuildFile; fileRef = 4C001D9B2012494B00C433B4 /* LaunchScreen.storyboard */; };
		4C001DA520124B7D00C433B4 /* BounceController.swift in Sources */ = {isa = PBXBuildFile; fileRef = 4C001DA420124B7D00C433B4 /* BounceController.swift */; };
		4C001DA7201250B200C433B4 /* GrayViewController.swift in Sources */ = {isa = PBXBuildFile; fileRef = 4C001DA6201250B200C433B4 /* GrayViewController.swift */; };
		4C8A60482012546A006AB52A /* ShrinkController.swift in Sources */ = {isa = PBXBuildFile; fileRef = 4C8A60472012546A006AB52A /* ShrinkController.swift */; };
/* End PBXBuildFile section */

/* Begin PBXFileReference section */
		4C001D8D2012494B00C433B4 /* VCTransition.app */ = {isa = PBXFileReference; explicitFileType = wrapper.application; includeInIndex = 0; path = VCTransition.app; sourceTree = BUILT_PRODUCTS_DIR; };
		4C001D902012494B00C433B4 /* AppDelegate.swift */ = {isa = PBXFileReference; lastKnownFileType = sourcecode.swift; path = AppDelegate.swift; sourceTree = "<group>"; };
		4C001D922012494B00C433B4 /* MasterViewController.swift */ = {isa = PBXFileReference; lastKnownFileType = sourcecode.swift; path = MasterViewController.swift; sourceTree = "<group>"; };
		4C001D942012494B00C433B4 /* DetailViewController.swift */ = {isa = PBXFileReference; lastKnownFileType = sourcecode.swift; path = DetailViewController.swift; sourceTree = "<group>"; };
		4C001D972012494B00C433B4 /* Base */ = {isa = PBXFileReference; lastKnownFileType = file.storyboard; name = Base; path = Base.lproj/Main.storyboard; sourceTree = "<group>"; };
		4C001D992012494B00C433B4 /* Assets.xcassets */ = {isa = PBXFileReference; lastKnownFileType = folder.assetcatalog; path = Assets.xcassets; sourceTree = "<group>"; };
		4C001D9C2012494B00C433B4 /* Base */ = {isa = PBXFileReference; lastKnownFileType = file.storyboard; name = Base; path = Base.lproj/LaunchScreen.storyboard; sourceTree = "<group>"; };
		4C001D9E2012494B00C433B4 /* Info.plist */ = {isa = PBXFileReference; lastKnownFileType = text.plist.xml; path = Info.plist; sourceTree = "<group>"; };
		4C001DA420124B7D00C433B4 /* BounceController.swift */ = {isa = PBXFileReference; fileEncoding = 4; lastKnownFileType = sourcecode.swift; path = BounceController.swift; sourceTree = "<group>"; };
		4C001DA6201250B200C433B4 /* GrayViewController.swift */ = {isa = PBXFileReference; lastKnownFileType = sourcecode.swift; path = GrayViewController.swift; sourceTree = "<group>"; };
		4C8A60472012546A006AB52A /* ShrinkController.swift */ = {isa = PBXFileReference; fileEncoding = 4; lastKnownFileType = sourcecode.swift; path = ShrinkController.swift; sourceTree = "<group>"; };
/* End PBXFileReference section */

/* Begin PBXFrameworksBuildPhase section */
		4C001D8A2012494B00C433B4 /* Frameworks */ = {
			isa = PBXFrameworksBuildPhase;
			buildActionMask = 2147483647;
			files = (
			);
			runOnlyForDeploymentPostprocessing = 0;
		};
/* End PBXFrameworksBuildPhase section */

/* Begin PBXGroup section */
		4C001D842012494B00C433B4 = {
			isa = PBXGroup;
			children = (
				4C001D8F2012494B00C433B4 /* VCTransition */,
				4C001D8E2012494B00C433B4 /* Products */,
			);
			sourceTree = "<group>";
		};
		4C001D8E2012494B00C433B4 /* Products */ = {
			isa = PBXGroup;
			children = (
				4C001D8D2012494B00C433B4 /* VCTransition.app */,
			);
			name = Products;
			sourceTree = "<group>";
		};
		4C001D8F2012494B00C433B4 /* VCTransition */ = {
			isa = PBXGroup;
			children = (
				4C8A60472012546A006AB52A /* ShrinkController.swift */,
				4C001DA420124B7D00C433B4 /* BounceController.swift */,
				4C001D902012494B00C433B4 /* AppDelegate.swift */,
				4C001D922012494B00C433B4 /* MasterViewController.swift */,
				4C001D942012494B00C433B4 /* DetailViewController.swift */,
				4C001D962012494B00C433B4 /* Main.storyboard */,
				4C001D992012494B00C433B4 /* Assets.xcassets */,
				4C001D9B2012494B00C433B4 /* LaunchScreen.storyboard */,
				4C001D9E2012494B00C433B4 /* Info.plist */,
				4C001DA6201250B200C433B4 /* GrayViewController.swift */,
			);
			path = VCTransition;
			sourceTree = "<group>";
		};
/* End PBXGroup section */

/* Begin PBXNativeTarget section */
		4C001D8C2012494B00C433B4 /* VCTransition */ = {
			isa = PBXNativeTarget;
			buildConfigurationList = 4C001DA12012494B00C433B4 /* Build configuration list for PBXNativeTarget "VCTransition" */;
			buildPhases = (
				4C001D892012494B00C433B4 /* Sources */,
				4C001D8A2012494B00C433B4 /* Frameworks */,
				4C001D8B2012494B00C433B4 /* Resources */,
			);
			buildRules = (
			);
			dependencies = (
			);
			name = VCTransition;
			productName = VCTransition;
			productReference = 4C001D8D2012494B00C433B4 /* VCTransition.app */;
			productType = "com.apple.product-type.application";
		};
/* End PBXNativeTarget section */

/* Begin PBXProject section */
		4C001D852012494B00C433B4 /* Project object */ = {
			isa = PBXProject;
			attributes = {
				LastSwiftUpdateCheck = 0920;
				LastUpgradeCheck = 0920;
				ORGANIZATIONNAME = Zencher;
				TargetAttributes = {
					4C001D8C2012494B00C433B4 = {
						CreatedOnToolsVersion = 9.2;
						ProvisioningStyle = Automatic;
					};
				};
			};
			buildConfigurationList = 4C001D882012494B00C433B4 /* Build configuration list for PBXProject "VCTransition" */;
			compatibilityVersion = "Xcode 8.0";
			developmentRegion = en;
			hasScannedForEncodings = 0;
			knownRegions = (
				en,
				Base,
			);
			mainGroup = 4C001D842012494B00C433B4;
			productRefGroup = 4C001D8E2012494B00C433B4 /* Products */;
			projectDirPath = "";
			projectRoot = "";
			targets = (
				4C001D8C2012494B00C433B4 /* VCTransition */,
			);
		};
/* End PBXProject section */

/* Begin PBXResourcesBuildPhase section */
		4C001D8B2012494B00C433B4 /* Resources */ = {
			isa = PBXResourcesBuildPhase;
			buildActionMask = 2147483647;
			files = (
				4C001D9D2012494B00C433B4 /* LaunchScreen.storyboard in Resources */,
				4C001D9A2012494B00C433B4 /* Assets.xcassets in Resources */,
				4C001D982012494B00C433B4 /* Main.storyboard in Resources */,
			);
			runOnlyForDeploymentPostprocessing = 0;
		};
/* End PBXResourcesBuildPhase section */

/* Begin PBXSourcesBuildPhase section */
		4C001D892012494B00C433B4 /* Sources */ = {
			isa = PBXSourcesBuildPhase;
			buildActionMask = 2147483647;
			files = (
				4C001D952012494B00C433B4 /* DetailViewController.swift in Sources */,
				4C001DA520124B7D00C433B4 /* BounceController.swift in Sources */,
				4C8A60482012546A006AB52A /* ShrinkController.swift in Sources */,
				4C001D932012494B00C433B4 /* MasterViewController.swift in Sources */,
				4C001DA7201250B200C433B4 /* GrayViewController.swift in Sources */,
				4C001D912012494B00C433B4 /* AppDelegate.swift in Sources */,
			);
			runOnlyForDeploymentPostprocessing = 0;
		};
/* End PBXSourcesBuildPhase section */

/* Begin PBXVariantGroup section */
		4C001D962012494B00C433B4 /* Main.storyboard */ = {
			isa = PBXVariantGroup;
			children = (
				4C001D972012494B00C433B4 /* Base */,
			);
			name = Main.storyboard;
			sourceTree = "<group>";
		};
		4C001D9B2012494B00C433B4 /* LaunchScreen.storyboard */ = {
			isa = PBXVariantGroup;
			children = (
				4C001D9C2012494B00C433B4 /* Base */,
			);
			name = LaunchScreen.storyboard;
			sourceTree = "<group>";
		};
/* End PBXVariantGroup section */

/* Begin XCBuildConfiguration section */
		4C001D9F2012494B00C433B4 /* Debug */ = {
			isa = XCBuildConfiguration;
			buildSettings = {
				ALWAYS_SEARCH_USER_PATHS = NO;
				CLANG_ANALYZER_NONNULL = YES;
				CLANG_ANALYZER_NUMBER_OBJECT_CONVERSION = YES_AGGRESSIVE;
				CLANG_CXX_LANGUAGE_STANDARD = "gnu++14";
				CLANG_CXX_LIBRARY = "libc++";
				CLANG_ENABLE_MODULES = YES;
				CLANG_ENABLE_OBJC_ARC = YES;
				CLANG_WARN_BLOCK_CAPTURE_AUTORELEASING = YES;
				CLANG_WARN_BOOL_CONVERSION = YES;
				CLANG_WARN_COMMA = YES;
				CLANG_WARN_CONSTANT_CONVERSION = YES;
				CLANG_WARN_DIRECT_OBJC_ISA_USAGE = YES_ERROR;
				CLANG_WARN_DOCUMENTATION_COMMENTS = YES;
				CLANG_WARN_EMPTY_BODY = YES;
				CLANG_WARN_ENUM_CONVERSION = YES;
				CLANG_WARN_INFINITE_RECURSION = YES;
				CLANG_WARN_INT_CONVERSION = YES;
				CLANG_WARN_NON_LITERAL_NULL_CONVERSION = YES;
				CLANG_WARN_OBJC_LITERAL_CONVERSION = YES;
				CLANG_WARN_OBJC_ROOT_CLASS = YES_ERROR;
				CLANG_WARN_RANGE_LOOP_ANALYSIS = YES;
				CLANG_WARN_STRICT_PROTOTYPES = YES;
				CLANG_WARN_SUSPICIOUS_MOVE = YES;
				CLANG_WARN_UNGUARDED_AVAILABILITY = YES_AGGRESSIVE;
				CLANG_WARN_UNREACHABLE_CODE = YES;
				CLANG_WARN__DUPLICATE_METHOD_MATCH = YES;
				CODE_SIGN_IDENTITY = "iPhone Developer";
				COPY_PHASE_STRIP = NO;
				DEBUG_INFORMATION_FORMAT = dwarf;
				ENABLE_STRICT_OBJC_MSGSEND = YES;
				ENABLE_TESTABILITY = YES;
				GCC_C_LANGUAGE_STANDARD = gnu11;
				GCC_DYNAMIC_NO_PIC = NO;
				GCC_NO_COMMON_BLOCKS = YES;
				GCC_OPTIMIZATION_LEVEL = 0;
				GCC_PREPROCESSOR_DEFINITIONS = (
					"DEBUG=1",
					"$(inherited)",
				);
				GCC_WARN_64_TO_32_BIT_CONVERSION = YES;
				GCC_WARN_ABOUT_RETURN_TYPE = YES_ERROR;
				GCC_WARN_UNDECLARED_SELECTOR = YES;
				GCC_WARN_UNINITIALIZED_AUTOS = YES_AGGRESSIVE;
				GCC_WARN_UNUSED_FUNCTION = YES;
				GCC_WARN_UNUSED_VARIABLE = YES;
				IPHONEOS_DEPLOYMENT_TARGET = 11.2;
				MTL_ENABLE_DEBUG_INFO = YES;
				ONLY_ACTIVE_ARCH = YES;
				SDKROOT = iphoneos;
				SWIFT_ACTIVE_COMPILATION_CONDITIONS = DEBUG;
				SWIFT_OPTIMIZATION_LEVEL = "-Onone";
			};
			name = Debug;
		};
		4C001DA02012494B00C433B4 /* Release */ = {
			isa = XCBuildConfiguration;
			buildSettings = {
				ALWAYS_SEARCH_USER_PATHS = NO;
				CLANG_ANALYZER_NONNULL = YES;
				CLANG_ANALYZER_NUMBER_OBJECT_CONVERSION = YES_AGGRESSIVE;
				CLANG_CXX_LANGUAGE_STANDARD = "gnu++14";
				CLANG_CXX_LIBRARY = "libc++";
				CLANG_ENABLE_MODULES = YES;
				CLANG_ENABLE_OBJC_ARC = YES;
				CLANG_WARN_BLOCK_CAPTURE_AUTORELEASING = YES;
				CLANG_WARN_BOOL_CONVERSION = YES;
				CLANG_WARN_COMMA = YES;
				CLANG_WARN_CONSTANT_CONVERSION = YES;
				CLANG_WARN_DIRECT_OBJC_ISA_USAGE = YES_ERROR;
				CLANG_WARN_DOCUMENTATION_COMMENTS = YES;
				CLANG_WARN_EMPTY_BODY = YES;
				CLANG_WARN_ENUM_CONVERSION = YES;
				CLANG_WARN_INFINITE_RECURSION = YES;
				CLANG_WARN_INT_CONVERSION = YES;
				CLANG_WARN_NON_LITERAL_NULL_CONVERSION = YES;
				CLANG_WARN_OBJC_LITERAL_CONVERSION = YES;
				CLANG_WARN_OBJC_ROOT_CLASS = YES_ERROR;
				CLANG_WARN_RANGE_LOOP_ANALYSIS = YES;
				CLANG_WARN_STRICT_PROTOTYPES = YES;
				CLANG_WARN_SUSPICIOUS_MOVE = YES;
				CLANG_WARN_UNGUARDED_AVAILABILITY = YES_AGGRESSIVE;
				CLANG_WARN_UNREACHABLE_CODE = YES;
				CLANG_WARN__DUPLICATE_METHOD_MATCH = YES;
				CODE_SIGN_IDENTITY = "iPhone Developer";
				COPY_PHASE_STRIP = NO;
				DEBUG_INFORMATION_FORMAT = "dwarf-with-dsym";
				ENABLE_NS_ASSERTIONS = NO;
				ENABLE_STRICT_OBJC_MSGSEND = YES;
				GCC_C_LANGUAGE_STANDARD = gnu11;
				GCC_NO_COMMON_BLOCKS = YES;
				GCC_WARN_64_TO_32_BIT_CONVERSION = YES;
				GCC_WARN_ABOUT_RETURN_TYPE = YES_ERROR;
				GCC_WARN_UNDECLARED_SELECTOR = YES;
				GCC_WARN_UNINITIALIZED_AUTOS = YES_AGGRESSIVE;
				GCC_WARN_UNUSED_FUNCTION = YES;
				GCC_WARN_UNUSED_VARIABLE = YES;
				IPHONEOS_DEPLOYMENT_TARGET = 11.2;
				MTL_ENABLE_DEBUG_INFO = NO;
				SDKROOT = iphoneos;
				SWIFT_OPTIMIZATION_LEVEL = "-Owholemodule";
				VALIDATE_PRODUCT = YES;
			};
			name = Release;
		};
		4C001DA22012494B00C433B4 /* Debug */ = {
			isa = XCBuildConfiguration;
			buildSettings = {
				ASSETCATALOG_COMPILER_APPICON_NAME = AppIcon;
				CODE_SIGN_STYLE = Automatic;
				DEVELOPMENT_TEAM = T59TDK9D3N;
				INFOPLIST_FILE = VCTransition/Info.plist;
				LD_RUNPATH_SEARCH_PATHS = "$(inherited) @executable_path/Frameworks";
				PRODUCT_BUNDLE_IDENTIFIER = com.zencher.demo.VCTransition;
				PRODUCT_NAME = "$(TARGET_NAME)";
				SWIFT_VERSION = 4.0;
				TARGETED_DEVICE_FAMILY = "1,2";
			};
			name = Debug;
		};
		4C001DA32012494B00C433B4 /* Release */ = {
			isa = XCBuildConfiguration;
			buildSettings = {
				ASSETCATALOG_COMPILER_APPICON_NAME = AppIcon;
				CODE_SIGN_STYLE = Automatic;
				DEVELOPMENT_TEAM = T59TDK9D3N;
				INFOPLIST_FILE = VCTransition/Info.plist;
				LD_RUNPATH_SEARCH_PATHS = "$(inherited) @executable_path/Frameworks";
				PRODUCT_BUNDLE_IDENTIFIER = com.zencher.demo.VCTransition;
				PRODUCT_NAME = "$(TARGET_NAME)";
				SWIFT_VERSION = 4.0;
				TARGETED_DEVICE_FAMILY = "1,2";
			};
			name = Release;
		};
/* End XCBuildConfiguration section */

/* Begin XCConfigurationList section */
		4C001D882012494B00C433B4 /* Build configuration list for PBXProject "VCTransition" */ = {
			isa = XCConfigurationList;
			buildConfigurations = (
				4C001D9F2012494B00C433B4 /* Debug */,
				4C001DA02012494B00C433B4 /* Release */,
			);
			defaultConfigurationIsVisible = 0;
			defaultConfigurationName = Release;
		};
		4C001DA12012494B00C433B4 /* Build configuration list for PBXNativeTarget "VCTransition" */ = {
			isa = XCConfigurationList;
			buildConfigurations = (
				4C001DA22012494B00C433B4 /* Debug */,
				4C001DA32012494B00C433B4 /* Release */,
			);
			defaultConfigurationIsVisible = 0;
			defaultConfigurationName = Release;
		};
/* End XCConfigurationList section */
	};
	rootObject = 4C001D852012494B00C433B4 /* Project object */;
}
