// !$*UTF8*$!
{
	archiveVersion = 1;
	classes = {
	};
	objectVersion = 48;
	objects = {

/* Begin PBXBuildFile section */
		4C46F585204E25DA007D58FA /* AppDelegate.swift in Sources */ = {isa = PBXBuildFile; fileRef = 4C46F584204E25DA007D58FA /* AppDelegate.swift */; };
		4C46F587204E25DA007D58FA /* ViewController.swift in Sources */ = {isa = PBXBuildFile; fileRef = 4C46F586204E25DA007D58FA /* ViewController.swift */; };
		4C46F58A204E25DA007D58FA /* Main.storyboard in Resources */ = {isa = PBXBuildFile; fileRef = 4C46F588204E25DA007D58FA /* Main.storyboard */; };
		4C46F58C204E25DA007D58FA /* Assets.xcassets in Resources */ = {isa = PBXBuildFile; fileRef = 4C46F58B204E25DA007D58FA /* Assets.xcassets */; };
		4C46F58F204E25DA007D58FA /* LaunchScreen.storyboard in Resources */ = {isa = PBXBuildFile; fileRef = 4C46F58D204E25DA007D58FA /* LaunchScreen.storyboard */; };
		4C6733222050D9AC0064C160 /* GoogleService-Info.plist in Resources */ = {isa = PBXBuildFile; fileRef = 4C6733212050D9AC0064C160 /* GoogleService-Info.plist */; };
		4C6733242050E61D0064C160 /* PhotosViewController.swift in Sources */ = {isa = PBXBuildFile; fileRef = 4C6733232050E61D0064C160 /* PhotosViewController.swift */; };
		4C673326205104810064C160 /* ImageCollectionViewCell.swift in Sources */ = {isa = PBXBuildFile; fileRef = 4C673325205104810064C160 /* ImageCollectionViewCell.swift */; };
		4C67332820510AFE0064C160 /* ChatViewController.swift in Sources */ = {isa = PBXBuildFile; fileRef = 4C67332720510AFE0064C160 /* ChatViewController.swift */; };
		4C8D7A7B204E2C4100E6AB7C /* CreateAccountViewController.swift in Sources */ = {isa = PBXBuildFile; fileRef = 4C8D7A7A204E2C4100E6AB7C /* CreateAccountViewController.swift */; };
		4C8D7A7D204E2EDA00E6AB7C /* LoginViewController.swift in Sources */ = {isa = PBXBuildFile; fileRef = 4C8D7A7C204E2EDA00E6AB7C /* LoginViewController.swift */; };
		DBAFBE10654C6878C2CEF394 /* Pods_FireHello.framework in Frameworks */ = {isa = PBXBuildFile; fileRef = 44B4483C775E655400E63305 /* Pods_FireHello.framework */; };
/* End PBXBuildFile section */

/* Begin PBXFileReference section */
		38E0C8EF3BEB472EA336CB84 /* Pods-FireHello.debug.xcconfig */ = {isa = PBXFileReference; includeInIndex = 1; lastKnownFileType = text.xcconfig; name = "Pods-FireHello.debug.xcconfig"; path = "Pods/Target Support Files/Pods-FireHello/Pods-FireHello.debug.xcconfig"; sourceTree = "<group>"; };
		44B4483C775E655400E63305 /* Pods_FireHello.framework */ = {isa = PBXFileReference; explicitFileType = wrapper.framework; includeInIndex = 0; path = Pods_FireHello.framework; sourceTree = BUILT_PRODUCTS_DIR; };
		4C46F581204E25DA007D58FA /* FireHello.app */ = {isa = PBXFileReference; explicitFileType = wrapper.application; includeInIndex = 0; path = FireHello.app; sourceTree = BUILT_PRODUCTS_DIR; };
		4C46F584204E25DA007D58FA /* AppDelegate.swift */ = {isa = PBXFileReference; lastKnownFileType = sourcecode.swift; path = AppDelegate.swift; sourceTree = "<group>"; };
		4C46F586204E25DA007D58FA /* ViewController.swift */ = {isa = PBXFileReference; lastKnownFileType = sourcecode.swift; path = ViewController.swift; sourceTree = "<group>"; };
		4C46F589204E25DA007D58FA /* Base */ = {isa = PBXFileReference; lastKnownFileType = file.storyboard; name = Base; path = Base.lproj/Main.storyboard; sourceTree = "<group>"; };
		4C46F58B204E25DA007D58FA /* Assets.xcassets */ = {isa = PBXFileReference; lastKnownFileType = folder.assetcatalog; path = Assets.xcassets; sourceTree = "<group>"; };
		4C46F58E204E25DA007D58FA /* Base */ = {isa = PBXFileReference; lastKnownFileType = file.storyboard; name = Base; path = Base.lproj/LaunchScreen.storyboard; sourceTree = "<group>"; };
		4C46F590204E25DA007D58FA /* Info.plist */ = {isa = PBXFileReference; lastKnownFileType = text.plist.xml; path = Info.plist; sourceTree = "<group>"; };
		4C6733212050D9AC0064C160 /* GoogleService-Info.plist */ = {isa = PBXFileReference; fileEncoding = 4; lastKnownFileType = text.plist.xml; path = "GoogleService-Info.plist"; sourceTree = "<group>"; };
		4C6733232050E61D0064C160 /* PhotosViewController.swift */ = {isa = PBXFileReference; lastKnownFileType = sourcecode.swift; path = PhotosViewController.swift; sourceTree = "<group>"; };
		4C673325205104810064C160 /* ImageCollectionViewCell.swift */ = {isa = PBXFileReference; lastKnownFileType = sourcecode.swift; path = ImageCollectionViewCell.swift; sourceTree = "<group>"; };
		4C67332720510AFE0064C160 /* ChatViewController.swift */ = {isa = PBXFileReference; lastKnownFileType = sourcecode.swift; path = ChatViewController.swift; sourceTree = "<group>"; };
		4C8D7A7A204E2C4100E6AB7C /* CreateAccountViewController.swift */ = {isa = PBXFileReference; lastKnownFileType = sourcecode.swift; path = CreateAccountViewController.swift; sourceTree = "<group>"; };
		4C8D7A7C204E2EDA00E6AB7C /* LoginViewController.swift */ = {isa = PBXFileReference; lastKnownFileType = sourcecode.swift; path = LoginViewController.swift; sourceTree = "<group>"; };
		B7BB407614FDA5C08B24A559 /* Pods-FireHello.release.xcconfig */ = {isa = PBXFileReference; includeInIndex = 1; lastKnownFileType = text.xcconfig; name = "Pods-FireHello.release.xcconfig"; path = "Pods/Target Support Files/Pods-FireHello/Pods-FireHello.release.xcconfig"; sourceTree = "<group>"; };
/* End PBXFileReference section */

/* Begin PBXFrameworksBuildPhase section */
		4C46F57E204E25DA007D58FA /* Frameworks */ = {
			isa = PBXFrameworksBuildPhase;
			buildActionMask = 2147483647;
			files = (
				DBAFBE10654C6878C2CEF394 /* Pods_FireHello.framework in Frameworks */,
			);
			runOnlyForDeploymentPostprocessing = 0;
		};
/* End PBXFrameworksBuildPhase section */

/* Begin PBXGroup section */
		4C46F578204E25DA007D58FA = {
			isa = PBXGroup;
			children = (
				4C46F583204E25DA007D58FA /* FireHello */,
				4C46F582204E25DA007D58FA /* Products */,
				CED9F07CA92908EDE58C4B1D /* Pods */,
				F4B615228F60B8ED193EA90D /* Frameworks */,
			);
			sourceTree = "<group>";
		};
		4C46F582204E25DA007D58FA /* Products */ = {
			isa = PBXGroup;
			children = (
				4C46F581204E25DA007D58FA /* FireHello.app */,
			);
			name = Products;
			sourceTree = "<group>";
		};
		4C46F583204E25DA007D58FA /* FireHello */ = {
			isa = PBXGroup;
			children = (
				4C6733212050D9AC0064C160 /* GoogleService-Info.plist */,
				4C46F584204E25DA007D58FA /* AppDelegate.swift */,
				4C46F586204E25DA007D58FA /* ViewController.swift */,
				4C46F588204E25DA007D58FA /* Main.storyboard */,
				4C46F58B204E25DA007D58FA /* Assets.xcassets */,
				4C46F58D204E25DA007D58FA /* LaunchScreen.storyboard */,
				4C46F590204E25DA007D58FA /* Info.plist */,
				4C8D7A7A204E2C4100E6AB7C /* CreateAccountViewController.swift */,
				4C8D7A7C204E2EDA00E6AB7C /* LoginViewController.swift */,
				4C6733232050E61D0064C160 /* PhotosViewController.swift */,
				4C673325205104810064C160 /* ImageCollectionViewCell.swift */,
				4C67332720510AFE0064C160 /* ChatViewController.swift */,
			);
			path = FireHello;
			sourceTree = "<group>";
		};
		CED9F07CA92908EDE58C4B1D /* Pods */ = {
			isa = PBXGroup;
			children = (
				38E0C8EF3BEB472EA336CB84 /* Pods-FireHello.debug.xcconfig */,
				B7BB407614FDA5C08B24A559 /* Pods-FireHello.release.xcconfig */,
			);
			name = Pods;
			sourceTree = "<group>";
		};
		F4B615228F60B8ED193EA90D /* Frameworks */ = {
			isa = PBXGroup;
			children = (
				44B4483C775E655400E63305 /* Pods_FireHello.framework */,
			);
			name = Frameworks;
			sourceTree = "<group>";
		};
/* End PBXGroup section */

/* Begin PBXNativeTarget section */
		4C46F580204E25DA007D58FA /* FireHello */ = {
			isa = PBXNativeTarget;
			buildConfigurationList = 4C46F593204E25DA007D58FA /* Build configuration list for PBXNativeTarget "FireHello" */;
			buildPhases = (
				7E07679BCF75E5B23F185EA5 /* [CP] Check Pods Manifest.lock */,
				4C46F57D204E25DA007D58FA /* Sources */,
				4C46F57E204E25DA007D58FA /* Frameworks */,
				4C46F57F204E25DA007D58FA /* Resources */,
				90253AF9276EED6DAEDD2758 /* [CP] Embed Pods Frameworks */,
				DB37D4A8582E5E3EF63A6463 /* [CP] Copy Pods Resources */,
			);
			buildRules = (
			);
			dependencies = (
			);
			name = FireHello;
			productName = FireHello;
			productReference = 4C46F581204E25DA007D58FA /* FireHello.app */;
			productType = "com.apple.product-type.application";
		};
/* End PBXNativeTarget section */

/* Begin PBXProject section */
		4C46F579204E25DA007D58FA /* Project object */ = {
			isa = PBXProject;
			attributes = {
				LastSwiftUpdateCheck = 0920;
				LastUpgradeCheck = 0920;
				ORGANIZATIONNAME = Zencher;
				TargetAttributes = {
					4C46F580204E25DA007D58FA = {
						CreatedOnToolsVersion = 9.2;
						ProvisioningStyle = Automatic;
					};
				};
			};
			buildConfigurationList = 4C46F57C204E25DA007D58FA /* Build configuration list for PBXProject "FireHello" */;
			compatibilityVersion = "Xcode 8.0";
			developmentRegion = en;
			hasScannedForEncodings = 0;
			knownRegions = (
				en,
				Base,
			);
			mainGroup = 4C46F578204E25DA007D58FA;
			productRefGroup = 4C46F582204E25DA007D58FA /* Products */;
			projectDirPath = "";
			projectRoot = "";
			targets = (
				4C46F580204E25DA007D58FA /* FireHello */,
			);
		};
/* End PBXProject section */

/* Begin PBXResourcesBuildPhase section */
		4C46F57F204E25DA007D58FA /* Resources */ = {
			isa = PBXResourcesBuildPhase;
			buildActionMask = 2147483647;
			files = (
				4C46F58F204E25DA007D58FA /* LaunchScreen.storyboard in Resources */,
				4C6733222050D9AC0064C160 /* GoogleService-Info.plist in Resources */,
				4C46F58C204E25DA007D58FA /* Assets.xcassets in Resources */,
				4C46F58A204E25DA007D58FA /* Main.storyboard in Resources */,
			);
			runOnlyForDeploymentPostprocessing = 0;
		};
/* End PBXResourcesBuildPhase section */

/* Begin PBXShellScriptBuildPhase section */
		7E07679BCF75E5B23F185EA5 /* [CP] Check Pods Manifest.lock */ = {
			isa = PBXShellScriptBuildPhase;
			buildActionMask = 2147483647;
			files = (
			);
			inputPaths = (
			);
			name = "[CP] Check Pods Manifest.lock";
			outputPaths = (
			);
			runOnlyForDeploymentPostprocessing = 0;
			shellPath = /bin/sh;
			shellScript = "diff \"${PODS_ROOT}/../Podfile.lock\" \"${PODS_ROOT}/Manifest.lock\" > /dev/null\nif [ $? != 0 ] ; then\n    # print error to STDERR\n    echo \"error: The sandbox is not in sync with the Podfile.lock. Run 'pod install' or update your CocoaPods installation.\" >&2\n    exit 1\nfi\n";
			showEnvVarsInLog = 0;
		};
		90253AF9276EED6DAEDD2758 /* [CP] Embed Pods Frameworks */ = {
			isa = PBXShellScriptBuildPhase;
			buildActionMask = 2147483647;
			files = (
			);
			inputPaths = (
			);
			name = "[CP] Embed Pods Frameworks";
			outputPaths = (
			);
			runOnlyForDeploymentPostprocessing = 0;
			shellPath = /bin/sh;
			shellScript = "\"${SRCROOT}/Pods/Target Support Files/Pods-FireHello/Pods-FireHello-frameworks.sh\"\n";
			showEnvVarsInLog = 0;
		};
		DB37D4A8582E5E3EF63A6463 /* [CP] Copy Pods Resources */ = {
			isa = PBXShellScriptBuildPhase;
			buildActionMask = 2147483647;
			files = (
			);
			inputPaths = (
			);
			name = "[CP] Copy Pods Resources";
			outputPaths = (
			);
			runOnlyForDeploymentPostprocessing = 0;
			shellPath = /bin/sh;
			shellScript = "\"${SRCROOT}/Pods/Target Support Files/Pods-FireHello/Pods-FireHello-resources.sh\"\n";
			showEnvVarsInLog = 0;
		};
/* End PBXShellScriptBuildPhase section */

/* Begin PBXSourcesBuildPhase section */
		4C46F57D204E25DA007D58FA /* Sources */ = {
			isa = PBXSourcesBuildPhase;
			buildActionMask = 2147483647;
			files = (
				4C673326205104810064C160 /* ImageCollectionViewCell.swift in Sources */,
				4C8D7A7D204E2EDA00E6AB7C /* LoginViewController.swift in Sources */,
				4C8D7A7B204E2C4100E6AB7C /* CreateAccountViewController.swift in Sources */,
				4C67332820510AFE0064C160 /* ChatViewController.swift in Sources */,
				4C46F587204E25DA007D58FA /* ViewController.swift in Sources */,
				4C46F585204E25DA007D58FA /* AppDelegate.swift in Sources */,
				4C6733242050E61D0064C160 /* PhotosViewController.swift in Sources */,
			);
			runOnlyForDeploymentPostprocessing = 0;
		};
/* End PBXSourcesBuildPhase section */

/* Begin PBXVariantGroup section */
		4C46F588204E25DA007D58FA /* Main.storyboard */ = {
			isa = PBXVariantGroup;
			children = (
				4C46F589204E25DA007D58FA /* Base */,
			);
			name = Main.storyboard;
			sourceTree = "<group>";
		};
		4C46F58D204E25DA007D58FA /* LaunchScreen.storyboard */ = {
			isa = PBXVariantGroup;
			children = (
				4C46F58E204E25DA007D58FA /* Base */,
			);
			name = LaunchScreen.storyboard;
			sourceTree = "<group>";
		};
/* End PBXVariantGroup section */

/* Begin XCBuildConfiguration section */
		4C46F591204E25DA007D58FA /* Debug */ = {
			isa = XCBuildConfiguration;
			buildSettings = {
				ALWAYS_SEARCH_USER_PATHS = NO;
				CLANG_ANALYZER_NONNULL = YES;
				CLANG_ANALYZER_NUMBER_OBJECT_CONVERSION = YES_AGGRESSIVE;
				CLANG_CXX_LANGUAGE_STANDARD = "gnu++14";
				CLANG_CXX_LIBRARY = "libc++";
				CLANG_ENABLE_MODULES = YES;
				CLANG_ENABLE_OBJC_ARC = YES;
				CLANG_WARN_BLOCK_CAPTURE_AUTORELEASING = YES;
				CLANG_WARN_BOOL_CONVERSION = YES;
				CLANG_WARN_COMMA = YES;
				CLANG_WARN_CONSTANT_CONVERSION = YES;
				CLANG_WARN_DIRECT_OBJC_ISA_USAGE = YES_ERROR;
				CLANG_WARN_DOCUMENTATION_COMMENTS = YES;
				CLANG_WARN_EMPTY_BODY = YES;
				CLANG_WARN_ENUM_CONVERSION = YES;
				CLANG_WARN_INFINITE_RECURSION = YES;
				CLANG_WARN_INT_CONVERSION = YES;
				CLANG_WARN_NON_LITERAL_NULL_CONVERSION = YES;
				CLANG_WARN_OBJC_LITERAL_CONVERSION = YES;
				CLANG_WARN_OBJC_ROOT_CLASS = YES_ERROR;
				CLANG_WARN_RANGE_LOOP_ANALYSIS = YES;
				CLANG_WARN_STRICT_PROTOTYPES = YES;
				CLANG_WARN_SUSPICIOUS_MOVE = YES;
				CLANG_WARN_UNGUARDED_AVAILABILITY = YES_AGGRESSIVE;
				CLANG_WARN_UNREACHABLE_CODE = YES;
				CLANG_WARN__DUPLICATE_METHOD_MATCH = YES;
				CODE_SIGN_IDENTITY = "iPhone Developer";
				COPY_PHASE_STRIP = NO;
				DEBUG_INFORMATION_FORMAT = dwarf;
				ENABLE_STRICT_OBJC_MSGSEND = YES;
				ENABLE_TESTABILITY = YES;
				GCC_C_LANGUAGE_STANDARD = gnu11;
				GCC_DYNAMIC_NO_PIC = NO;
				GCC_NO_COMMON_BLOCKS = YES;
				GCC_OPTIMIZATION_LEVEL = 0;
				GCC_PREPROCESSOR_DEFINITIONS = (
					"DEBUG=1",
					"$(inherited)",
				);
				GCC_WARN_64_TO_32_BIT_CONVERSION = YES;
				GCC_WARN_ABOUT_RETURN_TYPE = YES_ERROR;
				GCC_WARN_UNDECLARED_SELECTOR = YES;
				GCC_WARN_UNINITIALIZED_AUTOS = YES_AGGRESSIVE;
				GCC_WARN_UNUSED_FUNCTION = YES;
				GCC_WARN_UNUSED_VARIABLE = YES;
				IPHONEOS_DEPLOYMENT_TARGET = 11.2;
				MTL_ENABLE_DEBUG_INFO = YES;
				ONLY_ACTIVE_ARCH = YES;
				SDKROOT = iphoneos;
				SWIFT_ACTIVE_COMPILATION_CONDITIONS = DEBUG;
				SWIFT_OPTIMIZATION_LEVEL = "-Onone";
			};
			name = Debug;
		};
		4C46F592204E25DA007D58FA /* Release */ = {
			isa = XCBuildConfiguration;
			buildSettings = {
				ALWAYS_SEARCH_USER_PATHS = NO;
				CLANG_ANALYZER_NONNULL = YES;
				CLANG_ANALYZER_NUMBER_OBJECT_CONVERSION = YES_AGGRESSIVE;
				CLANG_CXX_LANGUAGE_STANDARD = "gnu++14";
				CLANG_CXX_LIBRARY = "libc++";
				CLANG_ENABLE_MODULES = YES;
				CLANG_ENABLE_OBJC_ARC = YES;
				CLANG_WARN_BLOCK_CAPTURE_AUTORELEASING = YES;
				CLANG_WARN_BOOL_CONVERSION = YES;
				CLANG_WARN_COMMA = YES;
				CLANG_WARN_CONSTANT_CONVERSION = YES;
				CLANG_WARN_DIRECT_OBJC_ISA_USAGE = YES_ERROR;
				CLANG_WARN_DOCUMENTATION_COMMENTS = YES;
				CLANG_WARN_EMPTY_BODY = YES;
				CLANG_WARN_ENUM_CONVERSION = YES;
				CLANG_WARN_INFINITE_RECURSION = YES;
				CLANG_WARN_INT_CONVERSION = YES;
				CLANG_WARN_NON_LITERAL_NULL_CONVERSION = YES;
				CLANG_WARN_OBJC_LITERAL_CONVERSION = YES;
				CLANG_WARN_OBJC_ROOT_CLASS = YES_ERROR;
				CLANG_WARN_RANGE_LOOP_ANALYSIS = YES;
				CLANG_WARN_STRICT_PROTOTYPES = YES;
				CLANG_WARN_SUSPICIOUS_MOVE = YES;
				CLANG_WARN_UNGUARDED_AVAILABILITY = YES_AGGRESSIVE;
				CLANG_WARN_UNREACHABLE_CODE = YES;
				CLANG_WARN__DUPLICATE_METHOD_MATCH = YES;
				CODE_SIGN_IDENTITY = "iPhone Developer";
				COPY_PHASE_STRIP = NO;
				DEBUG_INFORMATION_FORMAT = "dwarf-with-dsym";
				ENABLE_NS_ASSERTIONS = NO;
				ENABLE_STRICT_OBJC_MSGSEND = YES;
				GCC_C_LANGUAGE_STANDARD = gnu11;
				GCC_NO_COMMON_BLOCKS = YES;
				GCC_WARN_64_TO_32_BIT_CONVERSION = YES;
				GCC_WARN_ABOUT_RETURN_TYPE = YES_ERROR;
				GCC_WARN_UNDECLARED_SELECTOR = YES;
				GCC_WARN_UNINITIALIZED_AUTOS = YES_AGGRESSIVE;
				GCC_WARN_UNUSED_FUNCTION = YES;
				GCC_WARN_UNUSED_VARIABLE = YES;
				IPHONEOS_DEPLOYMENT_TARGET = 11.2;
				MTL_ENABLE_DEBUG_INFO = NO;
				SDKROOT = iphoneos;
				SWIFT_OPTIMIZATION_LEVEL = "-Owholemodule";
				VALIDATE_PRODUCT = YES;
			};
			name = Release;
		};
		4C46F594204E25DA007D58FA /* Debug */ = {
			isa = XCBuildConfiguration;
			baseConfigurationReference = 38E0C8EF3BEB472EA336CB84 /* Pods-FireHello.debug.xcconfig */;
			buildSettings = {
				ASSETCATALOG_COMPILER_APPICON_NAME = AppIcon;
				CODE_SIGN_STYLE = Automatic;
				INFOPLIST_FILE = FireHello/Info.plist;
				LD_RUNPATH_SEARCH_PATHS = "$(inherited) @executable_path/Frameworks";
				PRODUCT_BUNDLE_IDENTIFIER = com.zencher.demo.FireHello;
				PRODUCT_NAME = "$(TARGET_NAME)";
				SWIFT_VERSION = 4.0;
				TARGETED_DEVICE_FAMILY = "1,2";
			};
			name = Debug;
		};
		4C46F595204E25DA007D58FA /* Release */ = {
			isa = XCBuildConfiguration;
			baseConfigurationReference = B7BB407614FDA5C08B24A559 /* Pods-FireHello.release.xcconfig */;
			buildSettings = {
				ASSETCATALOG_COMPILER_APPICON_NAME = AppIcon;
				CODE_SIGN_STYLE = Automatic;
				INFOPLIST_FILE = FireHello/Info.plist;
				LD_RUNPATH_SEARCH_PATHS = "$(inherited) @executable_path/Frameworks";
				PRODUCT_BUNDLE_IDENTIFIER = com.zencher.demo.FireHello;
				PRODUCT_NAME = "$(TARGET_NAME)";
				SWIFT_VERSION = 4.0;
				TARGETED_DEVICE_FAMILY = "1,2";
			};
			name = Release;
		};
/* End XCBuildConfiguration section */

/* Begin XCConfigurationList section */
		4C46F57C204E25DA007D58FA /* Build configuration list for PBXProject "FireHello" */ = {
			isa = XCConfigurationList;
			buildConfigurations = (
				4C46F591204E25DA007D58FA /* Debug */,
				4C46F592204E25DA007D58FA /* Release */,
			);
			defaultConfigurationIsVisible = 0;
			defaultConfigurationName = Release;
		};
		4C46F593204E25DA007D58FA /* Build configuration list for PBXNativeTarget "FireHello" */ = {
			isa = XCConfigurationList;
			buildConfigurations = (
				4C46F594204E25DA007D58FA /* Debug */,
				4C46F595204E25DA007D58FA /* Release */,
			);
			defaultConfigurationIsVisible = 0;
			defaultConfigurationName = Release;
		};
/* End XCConfigurationList section */
	};
	rootObject = 4C46F579204E25DA007D58FA /* Project object */;
}
